
Microsoft Visual Studio Solution File, Format Version 12.00
# Visual Studio Version 17
VisualStudioVersion = 17.3.32825.248
MinimumVisualStudioVersion = 10.0.40219.1
Project("{FAE04EC0-301F-11D3-BF4B-00C04F79EFBC}") = "WPFDB", "WPFDB.csproj", "{3D288BA6-6D27-4C72-A5D0-2B84E2A9222F}"
EndProject
Global
	GlobalSection(SolutionConfigurationPlatforms) = preSolution
		Debug|Any CPU = Debug|Any CPU
		Release|Any CPU = Release|Any CPU
	EndGlobalSection
	GlobalSection(ProjectConfigurationPlatforms) = postSolution
		{3D288BA6-6D27-4C72-A5D0-2B84E2A9222F}.Debug|Any CPU.ActiveCfg = Debug|Any CPU
		{3D288BA6-6D27-4C72-A5D0-2B84E2A9222F}.Debug|Any CPU.Build.0 = Debug|Any CPU
		{3D288BA6-6D27-4C72-A5D0-2B84E2A9222F}.Release|Any CPU.ActiveCfg = Release|Any CPU
		{3D288BA6-6D27-4C72-A5D0-2B84E2A9222F}.Release|Any CPU.Build.0 = Release|Any CPU
	EndGlobalSection
	GlobalSection(SolutionProperties) = preSolution
		HideSolutionNode = FALSE
	EndGlobalSection
	GlobalSection(ExtensibilityGlobals) = postSolution
		SolutionGuid = {0524056C-DDD2-4214-9763-28013215864C}
	EndGlobalSection
EndGlobal
